
Microsoft Visual Studio Solution File, Format Version 12.00
# Visual Studio Version 17
VisualStudioVersion = 17.4.33122.133
MinimumVisualStudioVersion = 10.0.40219.1
Project("{2150E333-8FDC-42A3-9474-1A3956D46DE8}") = "UAUCABINE.App", "UAUCABINE.App", "{2EA3B889-CB6C-4211-9CBF-AFC493C36176}"
EndProject
Project("{2150E333-8FDC-42A3-9474-1A3956D46DE8}") = "UAUCABINE.DDD", "UAUCABINE.DDD", "{C478D03B-3B19-4799-8320-410F28D11385}"
EndProject
Project("{2150E333-8FDC-42A3-9474-1A3956D46DE8}") = "UAUCABINE.Testes", "UAUCABINE.Testes", "{34EC08A0-5527-4D90-9FCA-F5EB8327298B}"
EndProject
Project("{2150E333-8FDC-42A3-9474-1A3956D46DE8}") = "Itens de Solução", "Itens de Solução", "{FAD5F89B-8004-4E33-910D-406947CFAEB4}"
EndProject
Project("{9A19103F-16F7-4668-BE54-9A1E7A4F7556}") = "UAUCABINE.Domain", "UAUCABINE.Domain\UAUCABINE.Domain.csproj", "{471455CC-556F-41A4-95B7-3BB6796EAF2D}"
EndProject
Project("{9A19103F-16F7-4668-BE54-9A1E7A4F7556}") = "UAUCABINE.Repository", "UAUCABINE.Repository\UAUCABINE.Repository.csproj", "{623EED02-828A-4197-8341-2AB51513239D}"
EndProject
Project("{9A19103F-16F7-4668-BE54-9A1E7A4F7556}") = "UAUCABINE.Service", "UAUCABINE.Service\UAUCABINE.Service.csproj", "{1EED7CE7-E641-4A77-92C8-D716DE679EB9}"
EndProject
Project("{FAE04EC0-301F-11D3-BF4B-00C04F79EFBC}") = "UAUCABINE.App", "UAUCABINE.App\UAUCABINE.App.csproj", "{0F3D8710-63D7-43F8-AB32-83B37E3093E3}"
EndProject
Global
	GlobalSection(SolutionConfigurationPlatforms) = preSolution
		Debug|Any CPU = Debug|Any CPU
		Release|Any CPU = Release|Any CPU
	EndGlobalSection
	GlobalSection(ProjectConfigurationPlatforms) = postSolution
		{471455CC-556F-41A4-95B7-3BB6796EAF2D}.Debug|Any CPU.ActiveCfg = Debug|Any CPU
		{471455CC-556F-41A4-95B7-3BB6796EAF2D}.Debug|Any CPU.Build.0 = Debug|Any CPU
		{471455CC-556F-41A4-95B7-3BB6796EAF2D}.Release|Any CPU.ActiveCfg = Release|Any CPU
		{471455CC-556F-41A4-95B7-3BB6796EAF2D}.Release|Any CPU.Build.0 = Release|Any CPU
		{623EED02-828A-4197-8341-2AB51513239D}.Debug|Any CPU.ActiveCfg = Debug|Any CPU
		{623EED02-828A-4197-8341-2AB51513239D}.Debug|Any CPU.Build.0 = Debug|Any CPU
		{623EED02-828A-4197-8341-2AB51513239D}.Release|Any CPU.ActiveCfg = Release|Any CPU
		{623EED02-828A-4197-8341-2AB51513239D}.Release|Any CPU.Build.0 = Release|Any CPU
		{1EED7CE7-E641-4A77-92C8-D716DE679EB9}.Debug|Any CPU.ActiveCfg = Debug|Any CPU
		{1EED7CE7-E641-4A77-92C8-D716DE679EB9}.Debug|Any CPU.Build.0 = Debug|Any CPU
		{1EED7CE7-E641-4A77-92C8-D716DE679EB9}.Release|Any CPU.ActiveCfg = Release|Any CPU
		{1EED7CE7-E641-4A77-92C8-D716DE679EB9}.Release|Any CPU.Build.0 = Release|Any CPU
		{0F3D8710-63D7-43F8-AB32-83B37E3093E3}.Debug|Any CPU.ActiveCfg = Debug|Any CPU
		{0F3D8710-63D7-43F8-AB32-83B37E3093E3}.Debug|Any CPU.Build.0 = Debug|Any CPU
		{0F3D8710-63D7-43F8-AB32-83B37E3093E3}.Release|Any CPU.ActiveCfg = Release|Any CPU
		{0F3D8710-63D7-43F8-AB32-83B37E3093E3}.Release|Any CPU.Build.0 = Release|Any CPU
	EndGlobalSection
	GlobalSection(SolutionProperties) = preSolution
		HideSolutionNode = FALSE
	EndGlobalSection
	GlobalSection(NestedProjects) = preSolution
		{471455CC-556F-41A4-95B7-3BB6796EAF2D} = {C478D03B-3B19-4799-8320-410F28D11385}
		{623EED02-828A-4197-8341-2AB51513239D} = {C478D03B-3B19-4799-8320-410F28D11385}
		{1EED7CE7-E641-4A77-92C8-D716DE679EB9} = {C478D03B-3B19-4799-8320-410F28D11385}
		{0F3D8710-63D7-43F8-AB32-83B37E3093E3} = {2EA3B889-CB6C-4211-9CBF-AFC493C36176}
	EndGlobalSection
	GlobalSection(ExtensibilityGlobals) = postSolution
		SolutionGuid = {C5AA20A5-9E26-4AE6-A6D7-1F63CFAE9720}
	EndGlobalSection
EndGlobal
